
Microsoft Visual Studio Solution File, Format Version 12.00
# Visual Studio Version 16
VisualStudioVersion = 16.0.31624.102
MinimumVisualStudioVersion = 10.0.40219.1
Project("{FAE04EC0-301F-11D3-BF4B-00C04F79EFBC}") = "LicensePlateRecognition_v0", "LicensePlateRecognition_v0.csproj", "{7FDB8898-B7F5-4A35-8DE5-D6FC9066EC8A}"
EndProject
Global
	GlobalSection(SolutionConfigurationPlatforms) = preSolution
		Debug|Any CPU = Debug|Any CPU
		Release|Any CPU = Release|Any CPU
	EndGlobalSection
	GlobalSection(ProjectConfigurationPlatforms) = postSolution
		{7FDB8898-B7F5-4A35-8DE5-D6FC9066EC8A}.Debug|Any CPU.ActiveCfg = Debug|Any CPU
		{7FDB8898-B7F5-4A35-8DE5-D6FC9066EC8A}.Debug|Any CPU.Build.0 = Debug|Any CPU
		{7FDB8898-B7F5-4A35-8DE5-D6FC9066EC8A}.Release|Any CPU.ActiveCfg = Release|Any CPU
		{7FDB8898-B7F5-4A35-8DE5-D6FC9066EC8A}.Release|Any CPU.Build.0 = Release|Any CPU
	EndGlobalSection
	GlobalSection(SolutionProperties) = preSolution
		HideSolutionNode = FALSE
	EndGlobalSection
	GlobalSection(ExtensibilityGlobals) = postSolution
		SolutionGuid = {EBE4C737-E5DD-4B1C-B566-484B35AB0FF1}
	EndGlobalSection
EndGlobal
